
Microsoft Visual Studio Solution File, Format Version 12.00
# Visual Studio Version 16
VisualStudioVersion = 16.0.30711.63
MinimumVisualStudioVersion = 10.0.40219.1
Project("{FAE04EC0-301F-11D3-BF4B-00C04F79EFBC}") = "SingletonPattern", "SingletonPattern\SingletonPattern.csproj", "{114D70DF-F8F9-41B2-A6AB-2CC7466BB5CE}"
EndProject
Global
	GlobalSection(SolutionConfigurationPlatforms) = preSolution
		Debug|Any CPU = Debug|Any CPU
		Release|Any CPU = Release|Any CPU
	EndGlobalSection
	GlobalSection(ProjectConfigurationPlatforms) = postSolution
		{114D70DF-F8F9-41B2-A6AB-2CC7466BB5CE}.Debug|Any CPU.ActiveCfg = Debug|Any CPU
		{114D70DF-F8F9-41B2-A6AB-2CC7466BB5CE}.Debug|Any CPU.Build.0 = Debug|Any CPU
		{114D70DF-F8F9-41B2-A6AB-2CC7466BB5CE}.Release|Any CPU.ActiveCfg = Release|Any CPU
		{114D70DF-F8F9-41B2-A6AB-2CC7466BB5CE}.Release|Any CPU.Build.0 = Release|Any CPU
	EndGlobalSection
	GlobalSection(SolutionProperties) = preSolution
		HideSolutionNode = FALSE
	EndGlobalSection
	GlobalSection(ExtensibilityGlobals) = postSolution
		SolutionGuid = {655A4243-E162-4AB8-9321-D96B65A67353}
	EndGlobalSection
EndGlobal
