
Microsoft Visual Studio Solution File, Format Version 12.00
# Visual Studio Version 16
VisualStudioVersion = 16.0.30711.63
MinimumVisualStudioVersion = 10.0.40219.1
Project("{FAE04EC0-301F-11D3-BF4B-00C04F79EFBC}") = "ObserverPattern", "ObserverPattern\ObserverPattern.csproj", "{EA18D843-194B-42BA-A20E-5342F984D6DF}"
EndProject
Global
	GlobalSection(SolutionConfigurationPlatforms) = preSolution
		Debug|Any CPU = Debug|Any CPU
		Release|Any CPU = Release|Any CPU
	EndGlobalSection
	GlobalSection(ProjectConfigurationPlatforms) = postSolution
		{EA18D843-194B-42BA-A20E-5342F984D6DF}.Debug|Any CPU.ActiveCfg = Debug|Any CPU
		{EA18D843-194B-42BA-A20E-5342F984D6DF}.Debug|Any CPU.Build.0 = Debug|Any CPU
		{EA18D843-194B-42BA-A20E-5342F984D6DF}.Release|Any CPU.ActiveCfg = Release|Any CPU
		{EA18D843-194B-42BA-A20E-5342F984D6DF}.Release|Any CPU.Build.0 = Release|Any CPU
	EndGlobalSection
	GlobalSection(SolutionProperties) = preSolution
		HideSolutionNode = FALSE
	EndGlobalSection
	GlobalSection(ExtensibilityGlobals) = postSolution
		SolutionGuid = {B055EED3-BB0D-4372-B0FD-562BD1676C5F}
	EndGlobalSection
EndGlobal
