
Microsoft Visual Studio Solution File, Format Version 12.00
# Visual Studio Version 16
VisualStudioVersion = 16.0.30711.63
MinimumVisualStudioVersion = 10.0.40219.1
Project("{FAE04EC0-301F-11D3-BF4B-00C04F79EFBC}") = "MediatorPattern", "MediatorPattern\MediatorPattern.csproj", "{23B88DDD-4E94-446C-8560-C129E2C5DB83}"
EndProject
Global
	GlobalSection(SolutionConfigurationPlatforms) = preSolution
		Debug|Any CPU = Debug|Any CPU
		Release|Any CPU = Release|Any CPU
	EndGlobalSection
	GlobalSection(ProjectConfigurationPlatforms) = postSolution
		{23B88DDD-4E94-446C-8560-C129E2C5DB83}.Debug|Any CPU.ActiveCfg = Debug|Any CPU
		{23B88DDD-4E94-446C-8560-C129E2C5DB83}.Debug|Any CPU.Build.0 = Debug|Any CPU
		{23B88DDD-4E94-446C-8560-C129E2C5DB83}.Release|Any CPU.ActiveCfg = Release|Any CPU
		{23B88DDD-4E94-446C-8560-C129E2C5DB83}.Release|Any CPU.Build.0 = Release|Any CPU
	EndGlobalSection
	GlobalSection(SolutionProperties) = preSolution
		HideSolutionNode = FALSE
	EndGlobalSection
	GlobalSection(ExtensibilityGlobals) = postSolution
		SolutionGuid = {597AB40B-F460-4A8A-A61C-D28299C6CA6E}
	EndGlobalSection
EndGlobal
