
Microsoft Visual Studio Solution File, Format Version 12.00
# Visual Studio 15
VisualStudioVersion = 15.0.27428.2027
MinimumVisualStudioVersion = 10.0.40219.1
Project("{FAE04EC0-301F-11D3-BF4B-00C04F79EFBC}") = "BridgePattern", "BridgePattern\BridgePattern.csproj", "{AA2F0E8F-DB1B-4627-8DCE-0BD8F1B1BD02}"
EndProject
Global
	GlobalSection(SolutionConfigurationPlatforms) = preSolution
		Debug|Any CPU = Debug|Any CPU
		Release|Any CPU = Release|Any CPU
	EndGlobalSection
	GlobalSection(ProjectConfigurationPlatforms) = postSolution
		{AA2F0E8F-DB1B-4627-8DCE-0BD8F1B1BD02}.Debug|Any CPU.ActiveCfg = Debug|Any CPU
		{AA2F0E8F-DB1B-4627-8DCE-0BD8F1B1BD02}.Debug|Any CPU.Build.0 = Debug|Any CPU
		{AA2F0E8F-DB1B-4627-8DCE-0BD8F1B1BD02}.Release|Any CPU.ActiveCfg = Release|Any CPU
		{AA2F0E8F-DB1B-4627-8DCE-0BD8F1B1BD02}.Release|Any CPU.Build.0 = Release|Any CPU
	EndGlobalSection
	GlobalSection(SolutionProperties) = preSolution
		HideSolutionNode = FALSE
	EndGlobalSection
	GlobalSection(ExtensibilityGlobals) = postSolution
		SolutionGuid = {15C6C2B8-38C1-4B85-B236-AC9504A4024E}
	EndGlobalSection
EndGlobal
